
Microsoft Visual Studio Solution File, Format Version 12.00
# Visual Studio 15
VisualStudioVersion = 15.0.27130.2010
MinimumVisualStudioVersion = 10.0.40219.1
Project("{FAE04EC0-301F-11D3-BF4B-00C04F79EFBC}") = "UnitTesting", "UnitTesting\UnitTesting.csproj", "{686E893F-EDAA-414D-86C1-86BE74FF144D}"
EndProject
Project("{FAE04EC0-301F-11D3-BF4B-00C04F79EFBC}") = "UnitTestingTests", "UnitTestingTests\UnitTestingTests.csproj", "{1583C326-1408-42BC-BFE4-841F5FA5A0CA}"
EndProject
Global
	GlobalSection(SolutionConfigurationPlatforms) = preSolution
		Debug|Any CPU = Debug|Any CPU
		Release|Any CPU = Release|Any CPU
	EndGlobalSection
	GlobalSection(ProjectConfigurationPlatforms) = postSolution
		{686E893F-EDAA-414D-86C1-86BE74FF144D}.Debug|Any CPU.ActiveCfg = Debug|Any CPU
		{686E893F-EDAA-414D-86C1-86BE74FF144D}.Debug|Any CPU.Build.0 = Debug|Any CPU
		{686E893F-EDAA-414D-86C1-86BE74FF144D}.Release|Any CPU.ActiveCfg = Release|Any CPU
		{686E893F-EDAA-414D-86C1-86BE74FF144D}.Release|Any CPU.Build.0 = Release|Any CPU
		{1583C326-1408-42BC-BFE4-841F5FA5A0CA}.Debug|Any CPU.ActiveCfg = Debug|Any CPU
		{1583C326-1408-42BC-BFE4-841F5FA5A0CA}.Debug|Any CPU.Build.0 = Debug|Any CPU
		{1583C326-1408-42BC-BFE4-841F5FA5A0CA}.Release|Any CPU.ActiveCfg = Release|Any CPU
		{1583C326-1408-42BC-BFE4-841F5FA5A0CA}.Release|Any CPU.Build.0 = Release|Any CPU
	EndGlobalSection
	GlobalSection(SolutionProperties) = preSolution
		HideSolutionNode = FALSE
	EndGlobalSection
	GlobalSection(ExtensibilityGlobals) = postSolution
		SolutionGuid = {E7A06473-62D2-4F5C-988C-F8E444648639}
	EndGlobalSection
EndGlobal
